// !$*UTF8*$!
{
	archiveVersion = 1;
	classes = {
	};
	objectVersion = 56;
	objects = {

/* Begin PBXBuildFile section */
		848BB388292BAE3900D19CEA /* AppDelegate.swift in Sources */ = {isa = PBXBuildFile; fileRef = 848BB387292BAE3900D19CEA /* AppDelegate.swift */; };
		848BB38A292BAE3900D19CEA /* SceneDelegate.swift in Sources */ = {isa = PBXBuildFile; fileRef = 848BB389292BAE3900D19CEA /* SceneDelegate.swift */; };
		848BB38C292BAE3900D19CEA /* MapViewController.swift in Sources */ = {isa = PBXBuildFile; fileRef = 848BB38B292BAE3900D19CEA /* MapViewController.swift */; };
		848BB38F292BAE3900D19CEA /* Main.storyboard in Resources */ = {isa = PBXBuildFile; fileRef = 848BB38D292BAE3900D19CEA /* Main.storyboard */; };
		848BB391292BAE3B00D19CEA /* Assets.xcassets in Resources */ = {isa = PBXBuildFile; fileRef = 848BB390292BAE3B00D19CEA /* Assets.xcassets */; };
		848BB394292BAE3B00D19CEA /* LaunchScreen.storyboard in Resources */ = {isa = PBXBuildFile; fileRef = 848BB392292BAE3B00D19CEA /* LaunchScreen.storyboard */; };
		848BB39F292BAE3B00D19CEA /* GoogleMapsTrackerTests.swift in Sources */ = {isa = PBXBuildFile; fileRef = 848BB39E292BAE3B00D19CEA /* GoogleMapsTrackerTests.swift */; };
		848BB3A9292BAE3B00D19CEA /* GoogleMapsTrackerUITests.swift in Sources */ = {isa = PBXBuildFile; fileRef = 848BB3A8292BAE3B00D19CEA /* GoogleMapsTrackerUITests.swift */; };
		848BB3AB292BAE3B00D19CEA /* GoogleMapsTrackerUITestsLaunchTests.swift in Sources */ = {isa = PBXBuildFile; fileRef = 848BB3AA292BAE3B00D19CEA /* GoogleMapsTrackerUITestsLaunchTests.swift */; };
		84AF5201292BAFA2000E3CC4 /* GoogleMapsBase.xcframework in Frameworks */ = {isa = PBXBuildFile; fileRef = 84AF51FE292BAFA0000E3CC4 /* GoogleMapsBase.xcframework */; };
		84AF5202292BAFA2000E3CC4 /* GoogleMapsCore.xcframework in Frameworks */ = {isa = PBXBuildFile; fileRef = 84AF51FF292BAFA1000E3CC4 /* GoogleMapsCore.xcframework */; };
		84AF5203292BAFA2000E3CC4 /* GoogleMaps.xcframework in Frameworks */ = {isa = PBXBuildFile; fileRef = 84AF5200292BAFA1000E3CC4 /* GoogleMaps.xcframework */; };
		84AF5205292BB05E000E3CC4 /* Accelerate.framework in Frameworks */ = {isa = PBXBuildFile; fileRef = 84AF5204292BB05E000E3CC4 /* Accelerate.framework */; };
		84AF5207292BB067000E3CC4 /* CoreData.framework in Frameworks */ = {isa = PBXBuildFile; fileRef = 84AF5206292BB067000E3CC4 /* CoreData.framework */; };
		84AF5209292BB071000E3CC4 /* CoreGraphics.framework in Frameworks */ = {isa = PBXBuildFile; fileRef = 84AF5208292BB071000E3CC4 /* CoreGraphics.framework */; };
		84AF520B292BB07A000E3CC4 /* CoreImage.framework in Frameworks */ = {isa = PBXBuildFile; fileRef = 84AF520A292BB07A000E3CC4 /* CoreImage.framework */; };
		84AF520D292BB082000E3CC4 /* CoreLocation.framework in Frameworks */ = {isa = PBXBuildFile; fileRef = 84AF520C292BB082000E3CC4 /* CoreLocation.framework */; };
		84AF520F292BB08B000E3CC4 /* CoreTelephony.framework in Frameworks */ = {isa = PBXBuildFile; fileRef = 84AF520E292BB08B000E3CC4 /* CoreTelephony.framework */; };
		84AF5211292BB092000E3CC4 /* CoreText.framework in Frameworks */ = {isa = PBXBuildFile; fileRef = 84AF5210292BB092000E3CC4 /* CoreText.framework */; };
		84AF5213292BB09B000E3CC4 /* GLKit.framework in Frameworks */ = {isa = PBXBuildFile; fileRef = 84AF5212292BB09B000E3CC4 /* GLKit.framework */; };
		84AF5215292BB0A3000E3CC4 /* ImageIO.framework in Frameworks */ = {isa = PBXBuildFile; fileRef = 84AF5214292BB0A3000E3CC4 /* ImageIO.framework */; };
		84AF5217292BB0AE000E3CC4 /* libc++.tbd in Frameworks */ = {isa = PBXBuildFile; fileRef = 84AF5216292BB0AE000E3CC4 /* libc++.tbd */; };
		84AF5219292BB0B7000E3CC4 /* libz.tbd in Frameworks */ = {isa = PBXBuildFile; fileRef = 84AF5218292BB0B7000E3CC4 /* libz.tbd */; };
		84AF521B292BB0BF000E3CC4 /* Metal.framework in Frameworks */ = {isa = PBXBuildFile; fileRef = 84AF521A292BB0BF000E3CC4 /* Metal.framework */; };
		84AF521D292BB0C7000E3CC4 /* OpenGLES.framework in Frameworks */ = {isa = PBXBuildFile; fileRef = 84AF521C292BB0C7000E3CC4 /* OpenGLES.framework */; };
		84AF521F292BB0CF000E3CC4 /* QuartzCore.framework in Frameworks */ = {isa = PBXBuildFile; fileRef = 84AF521E292BB0CF000E3CC4 /* QuartzCore.framework */; };
		84AF5221292BB0D7000E3CC4 /* SystemConfiguration.framework in Frameworks */ = {isa = PBXBuildFile; fileRef = 84AF5220292BB0D7000E3CC4 /* SystemConfiguration.framework */; };
		84AF5223292BB0DF000E3CC4 /* UIKit.framework in Frameworks */ = {isa = PBXBuildFile; fileRef = 84AF5222292BB0DF000E3CC4 /* UIKit.framework */; };
		84AF5225292BB20E000E3CC4 /* GoogleMaps.bundle in Resources */ = {isa = PBXBuildFile; fileRef = 84AF5224292BB20E000E3CC4 /* GoogleMaps.bundle */; };
/* End PBXBuildFile section */

/* Begin PBXContainerItemProxy section */
		848BB39B292BAE3B00D19CEA /* PBXContainerItemProxy */ = {
			isa = PBXContainerItemProxy;
			containerPortal = 848BB37C292BAE3900D19CEA /* Project object */;
			proxyType = 1;
			remoteGlobalIDString = 848BB383292BAE3900D19CEA;
			remoteInfo = GoogleMapsTracker;
		};
		848BB3A5292BAE3B00D19CEA /* PBXContainerItemProxy */ = {
			isa = PBXContainerItemProxy;
			containerPortal = 848BB37C292BAE3900D19CEA /* Project object */;
			proxyType = 1;
			remoteGlobalIDString = 848BB383292BAE3900D19CEA;
			remoteInfo = GoogleMapsTracker;
		};
/* End PBXContainerItemProxy section */

/* Begin PBXFileReference section */
		848BB384292BAE3900D19CEA /* GoogleMapsTracker.app */ = {isa = PBXFileReference; explicitFileType = wrapper.application; includeInIndex = 0; path = GoogleMapsTracker.app; sourceTree = BUILT_PRODUCTS_DIR; };
		848BB387292BAE3900D19CEA /* AppDelegate.swift */ = {isa = PBXFileReference; lastKnownFileType = sourcecode.swift; path = AppDelegate.swift; sourceTree = "<group>"; };
		848BB389292BAE3900D19CEA /* SceneDelegate.swift */ = {isa = PBXFileReference; lastKnownFileType = sourcecode.swift; path = SceneDelegate.swift; sourceTree = "<group>"; };
		848BB38B292BAE3900D19CEA /* MapViewController.swift */ = {isa = PBXFileReference; lastKnownFileType = sourcecode.swift; path = MapViewController.swift; sourceTree = "<group>"; };
		848BB38E292BAE3900D19CEA /* Base */ = {isa = PBXFileReference; lastKnownFileType = file.storyboard; name = Base; path = Base.lproj/Main.storyboard; sourceTree = "<group>"; };
		848BB390292BAE3B00D19CEA /* Assets.xcassets */ = {isa = PBXFileReference; lastKnownFileType = folder.assetcatalog; path = Assets.xcassets; sourceTree = "<group>"; };
		848BB393292BAE3B00D19CEA /* Base */ = {isa = PBXFileReference; lastKnownFileType = file.storyboard; name = Base; path = Base.lproj/LaunchScreen.storyboard; sourceTree = "<group>"; };
		848BB395292BAE3B00D19CEA /* Info.plist */ = {isa = PBXFileReference; lastKnownFileType = text.plist.xml; path = Info.plist; sourceTree = "<group>"; };
		848BB39A292BAE3B00D19CEA /* GoogleMapsTrackerTests.xctest */ = {isa = PBXFileReference; explicitFileType = wrapper.cfbundle; includeInIndex = 0; path = GoogleMapsTrackerTests.xctest; sourceTree = BUILT_PRODUCTS_DIR; };
		848BB39E292BAE3B00D19CEA /* GoogleMapsTrackerTests.swift */ = {isa = PBXFileReference; lastKnownFileType = sourcecode.swift; path = GoogleMapsTrackerTests.swift; sourceTree = "<group>"; };
		848BB3A4292BAE3B00D19CEA /* GoogleMapsTrackerUITests.xctest */ = {isa = PBXFileReference; explicitFileType = wrapper.cfbundle; includeInIndex = 0; path = GoogleMapsTrackerUITests.xctest; sourceTree = BUILT_PRODUCTS_DIR; };
		848BB3A8292BAE3B00D19CEA /* GoogleMapsTrackerUITests.swift */ = {isa = PBXFileReference; lastKnownFileType = sourcecode.swift; path = GoogleMapsTrackerUITests.swift; sourceTree = "<group>"; };
		848BB3AA292BAE3B00D19CEA /* GoogleMapsTrackerUITestsLaunchTests.swift */ = {isa = PBXFileReference; lastKnownFileType = sourcecode.swift; path = GoogleMapsTrackerUITestsLaunchTests.swift; sourceTree = "<group>"; };
		84AF51FE292BAFA0000E3CC4 /* GoogleMapsBase.xcframework */ = {isa = PBXFileReference; lastKnownFileType = wrapper.xcframework; path = GoogleMapsBase.xcframework; sourceTree = "<group>"; };
		84AF51FF292BAFA1000E3CC4 /* GoogleMapsCore.xcframework */ = {isa = PBXFileReference; lastKnownFileType = wrapper.xcframework; path = GoogleMapsCore.xcframework; sourceTree = "<group>"; };
		84AF5200292BAFA1000E3CC4 /* GoogleMaps.xcframework */ = {isa = PBXFileReference; lastKnownFileType = wrapper.xcframework; path = GoogleMaps.xcframework; sourceTree = "<group>"; };
		84AF5204292BB05E000E3CC4 /* Accelerate.framework */ = {isa = PBXFileReference; lastKnownFileType = wrapper.framework; name = Accelerate.framework; path = System/Library/Frameworks/Accelerate.framework; sourceTree = SDKROOT; };
		84AF5206292BB067000E3CC4 /* CoreData.framework */ = {isa = PBXFileReference; lastKnownFileType = wrapper.framework; name = CoreData.framework; path = System/Library/Frameworks/CoreData.framework; sourceTree = SDKROOT; };
		84AF5208292BB071000E3CC4 /* CoreGraphics.framework */ = {isa = PBXFileReference; lastKnownFileType = wrapper.framework; name = CoreGraphics.framework; path = System/Library/Frameworks/CoreGraphics.framework; sourceTree = SDKROOT; };
		84AF520A292BB07A000E3CC4 /* CoreImage.framework */ = {isa = PBXFileReference; lastKnownFileType = wrapper.framework; name = CoreImage.framework; path = System/Library/Frameworks/CoreImage.framework; sourceTree = SDKROOT; };
		84AF520C292BB082000E3CC4 /* CoreLocation.framework */ = {isa = PBXFileReference; lastKnownFileType = wrapper.framework; name = CoreLocation.framework; path = System/Library/Frameworks/CoreLocation.framework; sourceTree = SDKROOT; };
		84AF520E292BB08B000E3CC4 /* CoreTelephony.framework */ = {isa = PBXFileReference; lastKnownFileType = wrapper.framework; name = CoreTelephony.framework; path = System/Library/Frameworks/CoreTelephony.framework; sourceTree = SDKROOT; };
		84AF5210292BB092000E3CC4 /* CoreText.framework */ = {isa = PBXFileReference; lastKnownFileType = wrapper.framework; name = CoreText.framework; path = System/Library/Frameworks/CoreText.framework; sourceTree = SDKROOT; };
		84AF5212292BB09B000E3CC4 /* GLKit.framework */ = {isa = PBXFileReference; lastKnownFileType = wrapper.framework; name = GLKit.framework; path = System/Library/Frameworks/GLKit.framework; sourceTree = SDKROOT; };
		84AF5214292BB0A3000E3CC4 /* ImageIO.framework */ = {isa = PBXFileReference; lastKnownFileType = wrapper.framework; name = ImageIO.framework; path = System/Library/Frameworks/ImageIO.framework; sourceTree = SDKROOT; };
		84AF5216292BB0AE000E3CC4 /* libc++.tbd */ = {isa = PBXFileReference; lastKnownFileType = "sourcecode.text-based-dylib-definition"; name = "libc++.tbd"; path = "usr/lib/libc++.tbd"; sourceTree = SDKROOT; };
		84AF5218292BB0B7000E3CC4 /* libz.tbd */ = {isa = PBXFileReference; lastKnownFileType = "sourcecode.text-based-dylib-definition"; name = libz.tbd; path = usr/lib/libz.tbd; sourceTree = SDKROOT; };
		84AF521A292BB0BF000E3CC4 /* Metal.framework */ = {isa = PBXFileReference; lastKnownFileType = wrapper.framework; name = Metal.framework; path = System/Library/Frameworks/Metal.framework; sourceTree = SDKROOT; };
		84AF521C292BB0C7000E3CC4 /* OpenGLES.framework */ = {isa = PBXFileReference; lastKnownFileType = wrapper.framework; name = OpenGLES.framework; path = System/Library/Frameworks/OpenGLES.framework; sourceTree = SDKROOT; };
		84AF521E292BB0CF000E3CC4 /* QuartzCore.framework */ = {isa = PBXFileReference; lastKnownFileType = wrapper.framework; name = QuartzCore.framework; path = System/Library/Frameworks/QuartzCore.framework; sourceTree = SDKROOT; };
		84AF5220292BB0D7000E3CC4 /* SystemConfiguration.framework */ = {isa = PBXFileReference; lastKnownFileType = wrapper.framework; name = SystemConfiguration.framework; path = System/Library/Frameworks/SystemConfiguration.framework; sourceTree = SDKROOT; };
		84AF5222292BB0DF000E3CC4 /* UIKit.framework */ = {isa = PBXFileReference; lastKnownFileType = wrapper.framework; name = UIKit.framework; path = System/Library/Frameworks/UIKit.framework; sourceTree = SDKROOT; };
		84AF5224292BB20E000E3CC4 /* GoogleMaps.bundle */ = {isa = PBXFileReference; lastKnownFileType = "wrapper.plug-in"; path = GoogleMaps.bundle; sourceTree = SOURCE_ROOT; };
/* End PBXFileReference section */

/* Begin PBXFrameworksBuildPhase section */
		848BB381292BAE3900D19CEA /* Frameworks */ = {
			isa = PBXFrameworksBuildPhase;
			buildActionMask = 2147483647;
			files = (
				84AF5223292BB0DF000E3CC4 /* UIKit.framework in Frameworks */,
				84AF5221292BB0D7000E3CC4 /* SystemConfiguration.framework in Frameworks */,
				84AF521F292BB0CF000E3CC4 /* QuartzCore.framework in Frameworks */,
				84AF521D292BB0C7000E3CC4 /* OpenGLES.framework in Frameworks */,
				84AF521B292BB0BF000E3CC4 /* Metal.framework in Frameworks */,
				84AF5219292BB0B7000E3CC4 /* libz.tbd in Frameworks */,
				84AF5217292BB0AE000E3CC4 /* libc++.tbd in Frameworks */,
				84AF5215292BB0A3000E3CC4 /* ImageIO.framework in Frameworks */,
				84AF5213292BB09B000E3CC4 /* GLKit.framework in Frameworks */,
				84AF5211292BB092000E3CC4 /* CoreText.framework in Frameworks */,
				84AF520F292BB08B000E3CC4 /* CoreTelephony.framework in Frameworks */,
				84AF520D292BB082000E3CC4 /* CoreLocation.framework in Frameworks */,
				84AF520B292BB07A000E3CC4 /* CoreImage.framework in Frameworks */,
				84AF5209292BB071000E3CC4 /* CoreGraphics.framework in Frameworks */,
				84AF5207292BB067000E3CC4 /* CoreData.framework in Frameworks */,
				84AF5205292BB05E000E3CC4 /* Accelerate.framework in Frameworks */,
				84AF5203292BAFA2000E3CC4 /* GoogleMaps.xcframework in Frameworks */,
				84AF5202292BAFA2000E3CC4 /* GoogleMapsCore.xcframework in Frameworks */,
				84AF5201292BAFA2000E3CC4 /* GoogleMapsBase.xcframework in Frameworks */,
			);
			runOnlyForDeploymentPostprocessing = 0;
		};
		848BB397292BAE3B00D19CEA /* Frameworks */ = {
			isa = PBXFrameworksBuildPhase;
			buildActionMask = 2147483647;
			files = (
			);
			runOnlyForDeploymentPostprocessing = 0;
		};
		848BB3A1292BAE3B00D19CEA /* Frameworks */ = {
			isa = PBXFrameworksBuildPhase;
			buildActionMask = 2147483647;
			files = (
			);
			runOnlyForDeploymentPostprocessing = 0;
		};
/* End PBXFrameworksBuildPhase section */

/* Begin PBXGroup section */
		8463C6022936115900F14B47 /* App */ = {
			isa = PBXGroup;
			children = (
				848BB387292BAE3900D19CEA /* AppDelegate.swift */,
				848BB389292BAE3900D19CEA /* SceneDelegate.swift */,
				8463C606293611A100F14B47 /* Flows */,
				8463C607293611AA00F14B47 /* Assembly */,
				8463C608293611BA00F14B47 /* Entity */,
				8463C609293611C400F14B47 /* BuissnessLogic */,
			);
			path = App;
			sourceTree = "<group>";
		};
		8463C6032936116900F14B47 /* Core */ = {
			isa = PBXGroup;
			children = (
			);
			path = Core;
			sourceTree = "<group>";
		};
		8463C6042936117600F14B47 /* Resourses */ = {
			isa = PBXGroup;
			children = (
				848BB390292BAE3B00D19CEA /* Assets.xcassets */,
			);
			path = Resourses;
			sourceTree = "<group>";
		};
		8463C6052936117E00F14B47 /* Environments */ = {
			isa = PBXGroup;
			children = (
				848BB395292BAE3B00D19CEA /* Info.plist */,
			);
			path = Environments;
			sourceTree = "<group>";
		};
		8463C606293611A100F14B47 /* Flows */ = {
			isa = PBXGroup;
			children = (
				848BB38D292BAE3900D19CEA /* Main.storyboard */,
				848BB392292BAE3B00D19CEA /* LaunchScreen.storyboard */,
				8463C60A293611FC00F14B47 /* ViewControllers */,
			);
			path = Flows;
			sourceTree = "<group>";
		};
		8463C607293611AA00F14B47 /* Assembly */ = {
			isa = PBXGroup;
			children = (
			);
			path = Assembly;
			sourceTree = "<group>";
		};
		8463C608293611BA00F14B47 /* Entity */ = {
			isa = PBXGroup;
			children = (
			);
			path = Entity;
			sourceTree = "<group>";
		};
		8463C609293611C400F14B47 /* BuissnessLogic */ = {
			isa = PBXGroup;
			children = (
			);
			path = BuissnessLogic;
			sourceTree = "<group>";
		};
		8463C60A293611FC00F14B47 /* ViewControllers */ = {
			isa = PBXGroup;
			children = (
				848BB38B292BAE3900D19CEA /* MapViewController.swift */,
			);
			path = ViewControllers;
			sourceTree = "<group>";
		};
		848BB37B292BAE3900D19CEA = {
			isa = PBXGroup;
			children = (
				848BB386292BAE3900D19CEA /* GoogleMapsTracker */,
				848BB39D292BAE3B00D19CEA /* GoogleMapsTrackerTests */,
				848BB3A7292BAE3B00D19CEA /* GoogleMapsTrackerUITests */,
				84AF5224292BB20E000E3CC4 /* GoogleMaps.bundle */,
				84AF51FD292BAF62000E3CC4 /* Frameworks */,
				848BB385292BAE3900D19CEA /* Products */,
			);
			sourceTree = "<group>";
		};
		848BB385292BAE3900D19CEA /* Products */ = {
			isa = PBXGroup;
			children = (
				848BB384292BAE3900D19CEA /* GoogleMapsTracker.app */,
				848BB39A292BAE3B00D19CEA /* GoogleMapsTrackerTests.xctest */,
				848BB3A4292BAE3B00D19CEA /* GoogleMapsTrackerUITests.xctest */,
			);
			name = Products;
			sourceTree = "<group>";
		};
		848BB386292BAE3900D19CEA /* GoogleMapsTracker */ = {
			isa = PBXGroup;
			children = (
				8463C6022936115900F14B47 /* App */,
				8463C6032936116900F14B47 /* Core */,
				8463C6042936117600F14B47 /* Resourses */,
				8463C6052936117E00F14B47 /* Environments */,
			);
			path = GoogleMapsTracker;
			sourceTree = "<group>";
		};
		848BB39D292BAE3B00D19CEA /* GoogleMapsTrackerTests */ = {
			isa = PBXGroup;
			children = (
				848BB39E292BAE3B00D19CEA /* GoogleMapsTrackerTests.swift */,
			);
			path = GoogleMapsTrackerTests;
			sourceTree = "<group>";
		};
		848BB3A7292BAE3B00D19CEA /* GoogleMapsTrackerUITests */ = {
			isa = PBXGroup;
			children = (
				848BB3A8292BAE3B00D19CEA /* GoogleMapsTrackerUITests.swift */,
				848BB3AA292BAE3B00D19CEA /* GoogleMapsTrackerUITestsLaunchTests.swift */,
			);
			path = GoogleMapsTrackerUITests;
			sourceTree = "<group>";
		};
		84AF51FD292BAF62000E3CC4 /* Frameworks */ = {
			isa = PBXGroup;
			children = (
				84AF5222292BB0DF000E3CC4 /* UIKit.framework */,
				84AF5220292BB0D7000E3CC4 /* SystemConfiguration.framework */,
				84AF521E292BB0CF000E3CC4 /* QuartzCore.framework */,
				84AF521C292BB0C7000E3CC4 /* OpenGLES.framework */,
				84AF521A292BB0BF000E3CC4 /* Metal.framework */,
				84AF5218292BB0B7000E3CC4 /* libz.tbd */,
				84AF5216292BB0AE000E3CC4 /* libc++.tbd */,
				84AF5214292BB0A3000E3CC4 /* ImageIO.framework */,
				84AF5212292BB09B000E3CC4 /* GLKit.framework */,
				84AF5210292BB092000E3CC4 /* CoreText.framework */,
				84AF520E292BB08B000E3CC4 /* CoreTelephony.framework */,
				84AF520C292BB082000E3CC4 /* CoreLocation.framework */,
				84AF520A292BB07A000E3CC4 /* CoreImage.framework */,
				84AF5208292BB071000E3CC4 /* CoreGraphics.framework */,
				84AF5206292BB067000E3CC4 /* CoreData.framework */,
				84AF5204292BB05E000E3CC4 /* Accelerate.framework */,
				84AF5200292BAFA1000E3CC4 /* GoogleMaps.xcframework */,
				84AF51FE292BAFA0000E3CC4 /* GoogleMapsBase.xcframework */,
				84AF51FF292BAFA1000E3CC4 /* GoogleMapsCore.xcframework */,
			);
			path = Frameworks;
			sourceTree = "<group>";
		};
/* End PBXGroup section */

/* Begin PBXNativeTarget section */
		848BB383292BAE3900D19CEA /* GoogleMapsTracker */ = {
			isa = PBXNativeTarget;
			buildConfigurationList = 848BB3AE292BAE3B00D19CEA /* Build configuration list for PBXNativeTarget "GoogleMapsTracker" */;
			buildPhases = (
				848BB380292BAE3900D19CEA /* Sources */,
				848BB381292BAE3900D19CEA /* Frameworks */,
				848BB382292BAE3900D19CEA /* Resources */,
			);
			buildRules = (
			);
			dependencies = (
			);
			name = GoogleMapsTracker;
			productName = GoogleMapsTracker;
			productReference = 848BB384292BAE3900D19CEA /* GoogleMapsTracker.app */;
			productType = "com.apple.product-type.application";
		};
		848BB399292BAE3B00D19CEA /* GoogleMapsTrackerTests */ = {
			isa = PBXNativeTarget;
			buildConfigurationList = 848BB3B1292BAE3B00D19CEA /* Build configuration list for PBXNativeTarget "GoogleMapsTrackerTests" */;
			buildPhases = (
				848BB396292BAE3B00D19CEA /* Sources */,
				848BB397292BAE3B00D19CEA /* Frameworks */,
				848BB398292BAE3B00D19CEA /* Resources */,
			);
			buildRules = (
			);
			dependencies = (
				848BB39C292BAE3B00D19CEA /* PBXTargetDependency */,
			);
			name = GoogleMapsTrackerTests;
			productName = GoogleMapsTrackerTests;
			productReference = 848BB39A292BAE3B00D19CEA /* GoogleMapsTrackerTests.xctest */;
			productType = "com.apple.product-type.bundle.unit-test";
		};
		848BB3A3292BAE3B00D19CEA /* GoogleMapsTrackerUITests */ = {
			isa = PBXNativeTarget;
			buildConfigurationList = 848BB3B4292BAE3B00D19CEA /* Build configuration list for PBXNativeTarget "GoogleMapsTrackerUITests" */;
			buildPhases = (
				848BB3A0292BAE3B00D19CEA /* Sources */,
				848BB3A1292BAE3B00D19CEA /* Frameworks */,
				848BB3A2292BAE3B00D19CEA /* Resources */,
			);
			buildRules = (
			);
			dependencies = (
				848BB3A6292BAE3B00D19CEA /* PBXTargetDependency */,
			);
			name = GoogleMapsTrackerUITests;
			productName = GoogleMapsTrackerUITests;
			productReference = 848BB3A4292BAE3B00D19CEA /* GoogleMapsTrackerUITests.xctest */;
			productType = "com.apple.product-type.bundle.ui-testing";
		};
/* End PBXNativeTarget section */

/* Begin PBXProject section */
		848BB37C292BAE3900D19CEA /* Project object */ = {
			isa = PBXProject;
			attributes = {
				BuildIndependentTargetsInParallel = 1;
				LastSwiftUpdateCheck = 1410;
				LastUpgradeCheck = 1410;
				TargetAttributes = {
					848BB383292BAE3900D19CEA = {
						CreatedOnToolsVersion = 14.1;
					};
					848BB399292BAE3B00D19CEA = {
						CreatedOnToolsVersion = 14.1;
						TestTargetID = 848BB383292BAE3900D19CEA;
					};
					848BB3A3292BAE3B00D19CEA = {
						CreatedOnToolsVersion = 14.1;
						TestTargetID = 848BB383292BAE3900D19CEA;
					};
				};
			};
			buildConfigurationList = 848BB37F292BAE3900D19CEA /* Build configuration list for PBXProject "GoogleMapsTracker" */;
			compatibilityVersion = "Xcode 14.0";
			developmentRegion = en;
			hasScannedForEncodings = 0;
			knownRegions = (
				en,
				Base,
			);
			mainGroup = 848BB37B292BAE3900D19CEA;
			productRefGroup = 848BB385292BAE3900D19CEA /* Products */;
			projectDirPath = "";
			projectRoot = "";
			targets = (
				848BB383292BAE3900D19CEA /* GoogleMapsTracker */,
				848BB399292BAE3B00D19CEA /* GoogleMapsTrackerTests */,
				848BB3A3292BAE3B00D19CEA /* GoogleMapsTrackerUITests */,
			);
		};
/* End PBXProject section */

/* Begin PBXResourcesBuildPhase section */
		848BB382292BAE3900D19CEA /* Resources */ = {
			isa = PBXResourcesBuildPhase;
			buildActionMask = 2147483647;
			files = (
				848BB394292BAE3B00D19CEA /* LaunchScreen.storyboard in Resources */,
				848BB391292BAE3B00D19CEA /* Assets.xcassets in Resources */,
				848BB38F292BAE3900D19CEA /* Main.storyboard in Resources */,
				84AF5225292BB20E000E3CC4 /* GoogleMaps.bundle in Resources */,
			);
			runOnlyForDeploymentPostprocessing = 0;
		};
		848BB398292BAE3B00D19CEA /* Resources */ = {
			isa = PBXResourcesBuildPhase;
			buildActionMask = 2147483647;
			files = (
			);
			runOnlyForDeploymentPostprocessing = 0;
		};
		848BB3A2292BAE3B00D19CEA /* Resources */ = {
			isa = PBXResourcesBuildPhase;
			buildActionMask = 2147483647;
			files = (
			);
			runOnlyForDeploymentPostprocessing = 0;
		};
/* End PBXResourcesBuildPhase section */

/* Begin PBXSourcesBuildPhase section */
		848BB380292BAE3900D19CEA /* Sources */ = {
			isa = PBXSourcesBuildPhase;
			buildActionMask = 2147483647;
			files = (
				848BB38C292BAE3900D19CEA /* MapViewController.swift in Sources */,
				848BB388292BAE3900D19CEA /* AppDelegate.swift in Sources */,
				848BB38A292BAE3900D19CEA /* SceneDelegate.swift in Sources */,
			);
			runOnlyForDeploymentPostprocessing = 0;
		};
		848BB396292BAE3B00D19CEA /* Sources */ = {
			isa = PBXSourcesBuildPhase;
			buildActionMask = 2147483647;
			files = (
				848BB39F292BAE3B00D19CEA /* GoogleMapsTrackerTests.swift in Sources */,
			);
			runOnlyForDeploymentPostprocessing = 0;
		};
		848BB3A0292BAE3B00D19CEA /* Sources */ = {
			isa = PBXSourcesBuildPhase;
			buildActionMask = 2147483647;
			files = (
				848BB3A9292BAE3B00D19CEA /* GoogleMapsTrackerUITests.swift in Sources */,
				848BB3AB292BAE3B00D19CEA /* GoogleMapsTrackerUITestsLaunchTests.swift in Sources */,
			);
			runOnlyForDeploymentPostprocessing = 0;
		};
/* End PBXSourcesBuildPhase section */

/* Begin PBXTargetDependency section */
		848BB39C292BAE3B00D19CEA /* PBXTargetDependency */ = {
			isa = PBXTargetDependency;
			target = 848BB383292BAE3900D19CEA /* GoogleMapsTracker */;
			targetProxy = 848BB39B292BAE3B00D19CEA /* PBXContainerItemProxy */;
		};
		848BB3A6292BAE3B00D19CEA /* PBXTargetDependency */ = {
			isa = PBXTargetDependency;
			target = 848BB383292BAE3900D19CEA /* GoogleMapsTracker */;
			targetProxy = 848BB3A5292BAE3B00D19CEA /* PBXContainerItemProxy */;
		};
/* End PBXTargetDependency section */

/* Begin PBXVariantGroup section */
		848BB38D292BAE3900D19CEA /* Main.storyboard */ = {
			isa = PBXVariantGroup;
			children = (
				848BB38E292BAE3900D19CEA /* Base */,
			);
			name = Main.storyboard;
			sourceTree = "<group>";
		};
		848BB392292BAE3B00D19CEA /* LaunchScreen.storyboard */ = {
			isa = PBXVariantGroup;
			children = (
				848BB393292BAE3B00D19CEA /* Base */,
			);
			name = LaunchScreen.storyboard;
			sourceTree = "<group>";
		};
/* End PBXVariantGroup section */

/* Begin XCBuildConfiguration section */
		848BB3AC292BAE3B00D19CEA /* Debug */ = {
			isa = XCBuildConfiguration;
			buildSettings = {
				ALWAYS_SEARCH_USER_PATHS = NO;
				CLANG_ANALYZER_NONNULL = YES;
				CLANG_ANALYZER_NUMBER_OBJECT_CONVERSION = YES_AGGRESSIVE;
				CLANG_CXX_LANGUAGE_STANDARD = "gnu++20";
				CLANG_ENABLE_MODULES = YES;
				CLANG_ENABLE_OBJC_ARC = YES;
				CLANG_ENABLE_OBJC_WEAK = YES;
				CLANG_WARN_BLOCK_CAPTURE_AUTORELEASING = YES;
				CLANG_WARN_BOOL_CONVERSION = YES;
				CLANG_WARN_COMMA = YES;
				CLANG_WARN_CONSTANT_CONVERSION = YES;
				CLANG_WARN_DEPRECATED_OBJC_IMPLEMENTATIONS = YES;
				CLANG_WARN_DIRECT_OBJC_ISA_USAGE = YES_ERROR;
				CLANG_WARN_DOCUMENTATION_COMMENTS = YES;
				CLANG_WARN_EMPTY_BODY = YES;
				CLANG_WARN_ENUM_CONVERSION = YES;
				CLANG_WARN_INFINITE_RECURSION = YES;
				CLANG_WARN_INT_CONVERSION = YES;
				CLANG_WARN_NON_LITERAL_NULL_CONVERSION = YES;
				CLANG_WARN_OBJC_IMPLICIT_RETAIN_SELF = YES;
				CLANG_WARN_OBJC_LITERAL_CONVERSION = YES;
				CLANG_WARN_OBJC_ROOT_CLASS = YES_ERROR;
				CLANG_WARN_QUOTED_INCLUDE_IN_FRAMEWORK_HEADER = YES;
				CLANG_WARN_RANGE_LOOP_ANALYSIS = YES;
				CLANG_WARN_STRICT_PROTOTYPES = YES;
				CLANG_WARN_SUSPICIOUS_MOVE = YES;
				CLANG_WARN_UNGUARDED_AVAILABILITY = YES_AGGRESSIVE;
				CLANG_WARN_UNREACHABLE_CODE = YES;
				CLANG_WARN__DUPLICATE_METHOD_MATCH = YES;
				COPY_PHASE_STRIP = NO;
				DEBUG_INFORMATION_FORMAT = dwarf;
				ENABLE_STRICT_OBJC_MSGSEND = YES;
				ENABLE_TESTABILITY = YES;
				GCC_C_LANGUAGE_STANDARD = gnu11;
				GCC_DYNAMIC_NO_PIC = NO;
				GCC_NO_COMMON_BLOCKS = YES;
				GCC_OPTIMIZATION_LEVEL = 0;
				GCC_PREPROCESSOR_DEFINITIONS = (
					"DEBUG=1",
					"$(inherited)",
				);
				GCC_WARN_64_TO_32_BIT_CONVERSION = YES;
				GCC_WARN_ABOUT_RETURN_TYPE = YES_ERROR;
				GCC_WARN_UNDECLARED_SELECTOR = YES;
				GCC_WARN_UNINITIALIZED_AUTOS = YES_AGGRESSIVE;
				GCC_WARN_UNUSED_FUNCTION = YES;
				GCC_WARN_UNUSED_VARIABLE = YES;
				IPHONEOS_DEPLOYMENT_TARGET = 16.1;
				MTL_ENABLE_DEBUG_INFO = INCLUDE_SOURCE;
				MTL_FAST_MATH = YES;
				ONLY_ACTIVE_ARCH = YES;
				"OTHER_LDFLAGS[arch=*]" = "-ObjC";
				SDKROOT = iphoneos;
				SWIFT_ACTIVE_COMPILATION_CONDITIONS = DEBUG;
				SWIFT_OPTIMIZATION_LEVEL = "-Onone";
			};
			name = Debug;
		};
		848BB3AD292BAE3B00D19CEA /* Release */ = {
			isa = XCBuildConfiguration;
			buildSettings = {
				ALWAYS_SEARCH_USER_PATHS = NO;
				CLANG_ANALYZER_NONNULL = YES;
				CLANG_ANALYZER_NUMBER_OBJECT_CONVERSION = YES_AGGRESSIVE;
				CLANG_CXX_LANGUAGE_STANDARD = "gnu++20";
				CLANG_ENABLE_MODULES = YES;
				CLANG_ENABLE_OBJC_ARC = YES;
				CLANG_ENABLE_OBJC_WEAK = YES;
				CLANG_WARN_BLOCK_CAPTURE_AUTORELEASING = YES;
				CLANG_WARN_BOOL_CONVERSION = YES;
				CLANG_WARN_COMMA = YES;
				CLANG_WARN_CONSTANT_CONVERSION = YES;
				CLANG_WARN_DEPRECATED_OBJC_IMPLEMENTATIONS = YES;
				CLANG_WARN_DIRECT_OBJC_ISA_USAGE = YES_ERROR;
				CLANG_WARN_DOCUMENTATION_COMMENTS = YES;
				CLANG_WARN_EMPTY_BODY = YES;
				CLANG_WARN_ENUM_CONVERSION = YES;
				CLANG_WARN_INFINITE_RECURSION = YES;
				CLANG_WARN_INT_CONVERSION = YES;
				CLANG_WARN_NON_LITERAL_NULL_CONVERSION = YES;
				CLANG_WARN_OBJC_IMPLICIT_RETAIN_SELF = YES;
				CLANG_WARN_OBJC_LITERAL_CONVERSION = YES;
				CLANG_WARN_OBJC_ROOT_CLASS = YES_ERROR;
				CLANG_WARN_QUOTED_INCLUDE_IN_FRAMEWORK_HEADER = YES;
				CLANG_WARN_RANGE_LOOP_ANALYSIS = YES;
				CLANG_WARN_STRICT_PROTOTYPES = YES;
				CLANG_WARN_SUSPICIOUS_MOVE = YES;
				CLANG_WARN_UNGUARDED_AVAILABILITY = YES_AGGRESSIVE;
				CLANG_WARN_UNREACHABLE_CODE = YES;
				CLANG_WARN__DUPLICATE_METHOD_MATCH = YES;
				COPY_PHASE_STRIP = NO;
				DEBUG_INFORMATION_FORMAT = "dwarf-with-dsym";
				ENABLE_NS_ASSERTIONS = NO;
				ENABLE_STRICT_OBJC_MSGSEND = YES;
				GCC_C_LANGUAGE_STANDARD = gnu11;
				GCC_NO_COMMON_BLOCKS = YES;
				GCC_WARN_64_TO_32_BIT_CONVERSION = YES;
				GCC_WARN_ABOUT_RETURN_TYPE = YES_ERROR;
				GCC_WARN_UNDECLARED_SELECTOR = YES;
				GCC_WARN_UNINITIALIZED_AUTOS = YES_AGGRESSIVE;
				GCC_WARN_UNUSED_FUNCTION = YES;
				GCC_WARN_UNUSED_VARIABLE = YES;
				IPHONEOS_DEPLOYMENT_TARGET = 16.1;
				MTL_ENABLE_DEBUG_INFO = NO;
				MTL_FAST_MATH = YES;
				"OTHER_LDFLAGS[arch=*]" = "-ObjC";
				SDKROOT = iphoneos;
				SWIFT_COMPILATION_MODE = wholemodule;
				SWIFT_OPTIMIZATION_LEVEL = "-O";
				VALIDATE_PRODUCT = YES;
			};
			name = Release;
		};
		848BB3AF292BAE3B00D19CEA /* Debug */ = {
			isa = XCBuildConfiguration;
			buildSettings = {
				ASSETCATALOG_COMPILER_APPICON_NAME = AppIcon;
				ASSETCATALOG_COMPILER_GLOBAL_ACCENT_COLOR_NAME = AccentColor;
				CODE_SIGN_STYLE = Automatic;
				CURRENT_PROJECT_VERSION = 1;
				DEVELOPMENT_TEAM = 3JL4VHZJLR;
				GENERATE_INFOPLIST_FILE = YES;
				INFOPLIST_FILE = GoogleMapsTracker/Environments/Info.plist;
				INFOPLIST_KEY_NSLocationAlwaysAndWhenInUseUsageDescription = "Разрешить геопозицию?";
				INFOPLIST_KEY_NSLocationAlwaysUsageDescription = "Разрешить геопозицию?";
				INFOPLIST_KEY_NSLocationWhenInUseUsageDescription = "Разрешить геопозицию?";
				INFOPLIST_KEY_UIApplicationSupportsIndirectInputEvents = YES;
				INFOPLIST_KEY_UILaunchStoryboardName = LaunchScreen;
				INFOPLIST_KEY_UIMainStoryboardFile = Main;
				INFOPLIST_KEY_UISupportedInterfaceOrientations_iPad = "UIInterfaceOrientationPortrait UIInterfaceOrientationPortraitUpsideDown UIInterfaceOrientationLandscapeLeft UIInterfaceOrientationLandscapeRight";
				INFOPLIST_KEY_UISupportedInterfaceOrientations_iPhone = "UIInterfaceOrientationPortrait UIInterfaceOrientationLandscapeLeft UIInterfaceOrientationLandscapeRight";
				LD_RUNPATH_SEARCH_PATHS = (
					"$(inherited)",
					"@executable_path/Frameworks",
				);
				MARKETING_VERSION = 1.0;
				PRODUCT_BUNDLE_IDENTIFIER = mertensoid.GoogleMapsTracker;
				PRODUCT_NAME = "$(TARGET_NAME)";
				SWIFT_EMIT_LOC_STRINGS = YES;
				SWIFT_VERSION = 5.0;
				TARGETED_DEVICE_FAMILY = "1,2";
			};
			name = Debug;
		};
		848BB3B0292BAE3B00D19CEA /* Release */ = {
			isa = XCBuildConfiguration;
			buildSettings = {
				ASSETCATALOG_COMPILER_APPICON_NAME = AppIcon;
				ASSETCATALOG_COMPILER_GLOBAL_ACCENT_COLOR_NAME = AccentColor;
				CODE_SIGN_STYLE = Automatic;
				CURRENT_PROJECT_VERSION = 1;
				DEVELOPMENT_TEAM = 3JL4VHZJLR;
				GENERATE_INFOPLIST_FILE = YES;
				INFOPLIST_FILE = GoogleMapsTracker/Environments/Info.plist;
				INFOPLIST_KEY_NSLocationAlwaysAndWhenInUseUsageDescription = "Разрешить геопозицию?";
				INFOPLIST_KEY_NSLocationAlwaysUsageDescription = "Разрешить геопозицию?";
				INFOPLIST_KEY_NSLocationWhenInUseUsageDescription = "Разрешить геопозицию?";
				INFOPLIST_KEY_UIApplicationSupportsIndirectInputEvents = YES;
				INFOPLIST_KEY_UILaunchStoryboardName = LaunchScreen;
				INFOPLIST_KEY_UIMainStoryboardFile = Main;
				INFOPLIST_KEY_UISupportedInterfaceOrientations_iPad = "UIInterfaceOrientationPortrait UIInterfaceOrientationPortraitUpsideDown UIInterfaceOrientationLandscapeLeft UIInterfaceOrientationLandscapeRight";
				INFOPLIST_KEY_UISupportedInterfaceOrientations_iPhone = "UIInterfaceOrientationPortrait UIInterfaceOrientationLandscapeLeft UIInterfaceOrientationLandscapeRight";
				LD_RUNPATH_SEARCH_PATHS = (
					"$(inherited)",
					"@executable_path/Frameworks",
				);
				MARKETING_VERSION = 1.0;
				PRODUCT_BUNDLE_IDENTIFIER = mertensoid.GoogleMapsTracker;
				PRODUCT_NAME = "$(TARGET_NAME)";
				SWIFT_EMIT_LOC_STRINGS = YES;
				SWIFT_VERSION = 5.0;
				TARGETED_DEVICE_FAMILY = "1,2";
			};
			name = Release;
		};
		848BB3B2292BAE3B00D19CEA /* Debug */ = {
			isa = XCBuildConfiguration;
			buildSettings = {
				ALWAYS_EMBED_SWIFT_STANDARD_LIBRARIES = YES;
				BUNDLE_LOADER = "$(TEST_HOST)";
				CODE_SIGN_STYLE = Automatic;
				CURRENT_PROJECT_VERSION = 1;
				DEVELOPMENT_TEAM = 3JL4VHZJLR;
				GENERATE_INFOPLIST_FILE = YES;
				IPHONEOS_DEPLOYMENT_TARGET = 16.1;
				MARKETING_VERSION = 1.0;
				PRODUCT_BUNDLE_IDENTIFIER = mertensoid.GoogleMapsTrackerTests;
				PRODUCT_NAME = "$(TARGET_NAME)";
				SWIFT_EMIT_LOC_STRINGS = NO;
				SWIFT_VERSION = 5.0;
				TARGETED_DEVICE_FAMILY = "1,2";
				TEST_HOST = "$(BUILT_PRODUCTS_DIR)/GoogleMapsTracker.app/$(BUNDLE_EXECUTABLE_FOLDER_PATH)/GoogleMapsTracker";
			};
			name = Debug;
		};
		848BB3B3292BAE3B00D19CEA /* Release */ = {
			isa = XCBuildConfiguration;
			buildSettings = {
				ALWAYS_EMBED_SWIFT_STANDARD_LIBRARIES = YES;
				BUNDLE_LOADER = "$(TEST_HOST)";
				CODE_SIGN_STYLE = Automatic;
				CURRENT_PROJECT_VERSION = 1;
				DEVELOPMENT_TEAM = 3JL4VHZJLR;
				GENERATE_INFOPLIST_FILE = YES;
				IPHONEOS_DEPLOYMENT_TARGET = 16.1;
				MARKETING_VERSION = 1.0;
				PRODUCT_BUNDLE_IDENTIFIER = mertensoid.GoogleMapsTrackerTests;
				PRODUCT_NAME = "$(TARGET_NAME)";
				SWIFT_EMIT_LOC_STRINGS = NO;
				SWIFT_VERSION = 5.0;
				TARGETED_DEVICE_FAMILY = "1,2";
				TEST_HOST = "$(BUILT_PRODUCTS_DIR)/GoogleMapsTracker.app/$(BUNDLE_EXECUTABLE_FOLDER_PATH)/GoogleMapsTracker";
			};
			name = Release;
		};
		848BB3B5292BAE3B00D19CEA /* Debug */ = {
			isa = XCBuildConfiguration;
			buildSettings = {
				ALWAYS_EMBED_SWIFT_STANDARD_LIBRARIES = YES;
				CODE_SIGN_STYLE = Automatic;
				CURRENT_PROJECT_VERSION = 1;
				DEVELOPMENT_TEAM = 3JL4VHZJLR;
				GENERATE_INFOPLIST_FILE = YES;
				MARKETING_VERSION = 1.0;
				PRODUCT_BUNDLE_IDENTIFIER = mertensoid.GoogleMapsTrackerUITests;
				PRODUCT_NAME = "$(TARGET_NAME)";
				SWIFT_EMIT_LOC_STRINGS = NO;
				SWIFT_VERSION = 5.0;
				TARGETED_DEVICE_FAMILY = "1,2";
				TEST_TARGET_NAME = GoogleMapsTracker;
			};
			name = Debug;
		};
		848BB3B6292BAE3B00D19CEA /* Release */ = {
			isa = XCBuildConfiguration;
			buildSettings = {
				ALWAYS_EMBED_SWIFT_STANDARD_LIBRARIES = YES;
				CODE_SIGN_STYLE = Automatic;
				CURRENT_PROJECT_VERSION = 1;
				DEVELOPMENT_TEAM = 3JL4VHZJLR;
				GENERATE_INFOPLIST_FILE = YES;
				MARKETING_VERSION = 1.0;
				PRODUCT_BUNDLE_IDENTIFIER = mertensoid.GoogleMapsTrackerUITests;
				PRODUCT_NAME = "$(TARGET_NAME)";
				SWIFT_EMIT_LOC_STRINGS = NO;
				SWIFT_VERSION = 5.0;
				TARGETED_DEVICE_FAMILY = "1,2";
				TEST_TARGET_NAME = GoogleMapsTracker;
			};
			name = Release;
		};
/* End XCBuildConfiguration section */

/* Begin XCConfigurationList section */
		848BB37F292BAE3900D19CEA /* Build configuration list for PBXProject "GoogleMapsTracker" */ = {
			isa = XCConfigurationList;
			buildConfigurations = (
				848BB3AC292BAE3B00D19CEA /* Debug */,
				848BB3AD292BAE3B00D19CEA /* Release */,
			);
			defaultConfigurationIsVisible = 0;
			defaultConfigurationName = Release;
		};
		848BB3AE292BAE3B00D19CEA /* Build configuration list for PBXNativeTarget "GoogleMapsTracker" */ = {
			isa = XCConfigurationList;
			buildConfigurations = (
				848BB3AF292BAE3B00D19CEA /* Debug */,
				848BB3B0292BAE3B00D19CEA /* Release */,
			);
			defaultConfigurationIsVisible = 0;
			defaultConfigurationName = Release;
		};
		848BB3B1292BAE3B00D19CEA /* Build configuration list for PBXNativeTarget "GoogleMapsTrackerTests" */ = {
			isa = XCConfigurationList;
			buildConfigurations = (
				848BB3B2292BAE3B00D19CEA /* Debug */,
				848BB3B3292BAE3B00D19CEA /* Release */,
			);
			defaultConfigurationIsVisible = 0;
			defaultConfigurationName = Release;
		};
		848BB3B4292BAE3B00D19CEA /* Build configuration list for PBXNativeTarget "GoogleMapsTrackerUITests" */ = {
			isa = XCConfigurationList;
			buildConfigurations = (
				848BB3B5292BAE3B00D19CEA /* Debug */,
				848BB3B6292BAE3B00D19CEA /* Release */,
			);
			defaultConfigurationIsVisible = 0;
			defaultConfigurationName = Release;
		};
/* End XCConfigurationList section */
	};
	rootObject = 848BB37C292BAE3900D19CEA /* Project object */;
}
